
Microsoft Visual Studio Solution File, Format Version 12.00
# Visual Studio Version 16
VisualStudioVersion = 16.0.30717.126
MinimumVisualStudioVersion = 10.0.40219.1
Project("{FAE04EC0-301F-11D3-BF4B-00C04F79EFBC}") = "Ui", "Ui\Ui.csproj", "{4A7EDE46-850E-4DFA-B3F2-0D21D05A360E}"
EndProject
Project("{FAE04EC0-301F-11D3-BF4B-00C04F79EFBC}") = "Core", "Core\Core.csproj", "{9C496479-AE0F-4DE2-B8BA-9647CB8428A1}"
EndProject
Project("{FAE04EC0-301F-11D3-BF4B-00C04F79EFBC}") = "Shared", "Shared\Shared.csproj", "{56841ED5-6F9B-4670-A893-0D1CD4B2841D}"
EndProject
Project("{FAE04EC0-301F-11D3-BF4B-00C04F79EFBC}") = "Infrastructure", "Infrastructure\Infrastructure.csproj", "{C5FCBE2A-CE35-4B96-901C-2EFA065B65EF}"
EndProject
Project("{FAE04EC0-301F-11D3-BF4B-00C04F79EFBC}") = "Api", "Api\Api.csproj", "{4289CA89-1255-41D5-9DF6-0A1AEA0F9516}"
EndProject
Global
	GlobalSection(SolutionConfigurationPlatforms) = preSolution
		Debug|Any CPU = Debug|Any CPU
		Release|Any CPU = Release|Any CPU
	EndGlobalSection
	GlobalSection(ProjectConfigurationPlatforms) = postSolution
		{4A7EDE46-850E-4DFA-B3F2-0D21D05A360E}.Debug|Any CPU.ActiveCfg = Debug|Any CPU
		{4A7EDE46-850E-4DFA-B3F2-0D21D05A360E}.Debug|Any CPU.Build.0 = Debug|Any CPU
		{4A7EDE46-850E-4DFA-B3F2-0D21D05A360E}.Release|Any CPU.ActiveCfg = Release|Any CPU
		{4A7EDE46-850E-4DFA-B3F2-0D21D05A360E}.Release|Any CPU.Build.0 = Release|Any CPU
		{9C496479-AE0F-4DE2-B8BA-9647CB8428A1}.Debug|Any CPU.ActiveCfg = Debug|Any CPU
		{9C496479-AE0F-4DE2-B8BA-9647CB8428A1}.Debug|Any CPU.Build.0 = Debug|Any CPU
		{9C496479-AE0F-4DE2-B8BA-9647CB8428A1}.Release|Any CPU.ActiveCfg = Release|Any CPU
		{9C496479-AE0F-4DE2-B8BA-9647CB8428A1}.Release|Any CPU.Build.0 = Release|Any CPU
		{56841ED5-6F9B-4670-A893-0D1CD4B2841D}.Debug|Any CPU.ActiveCfg = Debug|Any CPU
		{56841ED5-6F9B-4670-A893-0D1CD4B2841D}.Debug|Any CPU.Build.0 = Debug|Any CPU
		{56841ED5-6F9B-4670-A893-0D1CD4B2841D}.Release|Any CPU.ActiveCfg = Release|Any CPU
		{56841ED5-6F9B-4670-A893-0D1CD4B2841D}.Release|Any CPU.Build.0 = Release|Any CPU
		{C5FCBE2A-CE35-4B96-901C-2EFA065B65EF}.Debug|Any CPU.ActiveCfg = Debug|Any CPU
		{C5FCBE2A-CE35-4B96-901C-2EFA065B65EF}.Debug|Any CPU.Build.0 = Debug|Any CPU
		{C5FCBE2A-CE35-4B96-901C-2EFA065B65EF}.Release|Any CPU.ActiveCfg = Release|Any CPU
		{C5FCBE2A-CE35-4B96-901C-2EFA065B65EF}.Release|Any CPU.Build.0 = Release|Any CPU
		{4289CA89-1255-41D5-9DF6-0A1AEA0F9516}.Debug|Any CPU.ActiveCfg = Debug|Any CPU
		{4289CA89-1255-41D5-9DF6-0A1AEA0F9516}.Debug|Any CPU.Build.0 = Debug|Any CPU
		{4289CA89-1255-41D5-9DF6-0A1AEA0F9516}.Release|Any CPU.ActiveCfg = Release|Any CPU
		{4289CA89-1255-41D5-9DF6-0A1AEA0F9516}.Release|Any CPU.Build.0 = Release|Any CPU
	EndGlobalSection
	GlobalSection(SolutionProperties) = preSolution
		HideSolutionNode = FALSE
	EndGlobalSection
	GlobalSection(ExtensibilityGlobals) = postSolution
		SolutionGuid = {94984E2A-DC7B-4FF2-8F9A-BDD1FA2E5965}
	EndGlobalSection
EndGlobal
